PODS:
  - Analytics (3.8.1)
  - Realm (5.2.0):
    - Realm/Headers (= 5.2.0)
  - Realm/Headers (5.2.0)
  - RealmSwift (5.2.0):
    - Realm (= 5.2.0)

DEPENDENCIES:
  - Analytics (= 3.8.1)
  - RealmSwift (= 5.2.0)

SPEC REPOS:
  trunk:
    - Analytics
    - Realm
    - RealmSwift

SPEC CHECKSUMS:
  Analytics: 45b1faec509367a99c7b788cc5389180c43fe3fc
  Realm: f749c723e272f08fdf1939af5e61d2bd09b203e8
  RealmSwift: bf0ab78b52c5bafba8b3ad73be8dfb4c1ea5cf01

PODFILE CHECKSUM: 941f3d4e158c9c6e32d303593392fa80a1bba785

COCOAPODS: 1.9.3
